
Microsoft Visual Studio Solution File, Format Version 12.00
# Visual Studio Version 16
VisualStudioVersion = 16.0.31515.178
MinimumVisualStudioVersion = 10.0.40219.1
Project("{8BC9CEB8-8B4A-11D0-8D11-00A0C91BC942}") = "math.h  exp函数  e 的 x 次幂", "math.h  exp函数  e 的 x 次幂.vcxproj", "{3204EF33-5628-4096-AD94-18693E630720}"
EndProject
Global
	GlobalSection(SolutionConfigurationPlatforms) = preSolution
		Debug|x64 = Debug|x64
		Debug|x86 = Debug|x86
		Release|x64 = Release|x64
		Release|x86 = Release|x86
	EndGlobalSection
	GlobalSection(ProjectConfigurationPlatforms) = postSolution
		{3204EF33-5628-4096-AD94-18693E630720}.Debug|x64.ActiveCfg = Debug|x64
		{3204EF33-5628-4096-AD94-18693E630720}.Debug|x64.Build.0 = Debug|x64
		{3204EF33-5628-4096-AD94-18693E630720}.Debug|x86.ActiveCfg = Debug|Win32
		{3204EF33-5628-4096-AD94-18693E630720}.Debug|x86.Build.0 = Debug|Win32
		{3204EF33-5628-4096-AD94-18693E630720}.Release|x64.ActiveCfg = Release|x64
		{3204EF33-5628-4096-AD94-18693E630720}.Release|x64.Build.0 = Release|x64
		{3204EF33-5628-4096-AD94-18693E630720}.Release|x86.ActiveCfg = Release|Win32
		{3204EF33-5628-4096-AD94-18693E630720}.Release|x86.Build.0 = Release|Win32
	EndGlobalSection
	GlobalSection(SolutionProperties) = preSolution
		HideSolutionNode = FALSE
	EndGlobalSection
	GlobalSection(ExtensibilityGlobals) = postSolution
		SolutionGuid = {BA8267B4-3F8F-46CD-BEE3-8D58672473AE}
	EndGlobalSection
EndGlobal
